// !$*UTF8*$!
{
	archiveVersion = 1;
	classes = {
	};
	objectVersion = 55;
	objects = {

/* Begin PBXBuildFile section */
		A1B8EC05A3862865708CB783 /* Pods_Network_with_Alamofire.framework in Frameworks */ = {isa = PBXBuildFile; fileRef = DDDBD6D0C525440642D774E8 /* Pods_Network_with_Alamofire.framework */; };
		BE241789285CF36700650FE5 /* PostStruct.swift in Sources */ = {isa = PBXBuildFile; fileRef = BE241788285CF36700650FE5 /* PostStruct.swift */; };
		BEBE8F98285CCE2F002816FC /* AppDelegate.swift in Sources */ = {isa = PBXBuildFile; fileRef = BEBE8F97285CCE2F002816FC /* AppDelegate.swift */; };
		BEBE8F9A285CCE2F002816FC /* SceneDelegate.swift in Sources */ = {isa = PBXBuildFile; fileRef = BEBE8F99285CCE2F002816FC /* SceneDelegate.swift */; };
		BEBE8F9C285CCE2F002816FC /* ViewController.swift in Sources */ = {isa = PBXBuildFile; fileRef = BEBE8F9B285CCE2F002816FC /* ViewController.swift */; };
		BEBE8FA1285CCE33002816FC /* Assets.xcassets in Resources */ = {isa = PBXBuildFile; fileRef = BEBE8FA0285CCE33002816FC /* Assets.xcassets */; };
		BEBE8FA4285CCE33002816FC /* LaunchScreen.storyboard in Resources */ = {isa = PBXBuildFile; fileRef = BEBE8FA2285CCE33002816FC /* LaunchScreen.storyboard */; };
		BEBE8FAC285CE9BB002816FC /* Service.swift in Sources */ = {isa = PBXBuildFile; fileRef = BEBE8FAB285CE9BB002816FC /* Service.swift */; };
/* End PBXBuildFile section */

/* Begin PBXFileReference section */
		A936F7FD1F66D7427AEED1B4 /* Pods-Network with Alamofire.release.xcconfig */ = {isa = PBXFileReference; includeInIndex = 1; lastKnownFileType = text.xcconfig; name = "Pods-Network with Alamofire.release.xcconfig"; path = "Target Support Files/Pods-Network with Alamofire/Pods-Network with Alamofire.release.xcconfig"; sourceTree = "<group>"; };
		B5F52F57EE0F0C22C1F54F20 /* Pods-Network with Alamofire.debug.xcconfig */ = {isa = PBXFileReference; includeInIndex = 1; lastKnownFileType = text.xcconfig; name = "Pods-Network with Alamofire.debug.xcconfig"; path = "Target Support Files/Pods-Network with Alamofire/Pods-Network with Alamofire.debug.xcconfig"; sourceTree = "<group>"; };
		BE241788285CF36700650FE5 /* PostStruct.swift */ = {isa = PBXFileReference; lastKnownFileType = sourcecode.swift; name = PostStruct.swift; path = "/Users/grigorijvinar/Desktop/Weather-App-main/Network-with-Alamofire/Network with Alamofire/Network with Alamofire/PostStruct.swift"; sourceTree = "<absolute>"; };
		BEBE8F94285CCE2F002816FC /* Network with Alamofire.app */ = {isa = PBXFileReference; explicitFileType = wrapper.application; includeInIndex = 0; path = "Network with Alamofire.app"; sourceTree = BUILT_PRODUCTS_DIR; };
		BEBE8F97285CCE2F002816FC /* AppDelegate.swift */ = {isa = PBXFileReference; lastKnownFileType = sourcecode.swift; path = AppDelegate.swift; sourceTree = "<group>"; };
		BEBE8F99285CCE2F002816FC /* SceneDelegate.swift */ = {isa = PBXFileReference; lastKnownFileType = sourcecode.swift; path = SceneDelegate.swift; sourceTree = "<group>"; };
		BEBE8F9B285CCE2F002816FC /* ViewController.swift */ = {isa = PBXFileReference; lastKnownFileType = sourcecode.swift; path = ViewController.swift; sourceTree = "<group>"; };
		BEBE8FA0285CCE33002816FC /* Assets.xcassets */ = {isa = PBXFileReference; lastKnownFileType = folder.assetcatalog; path = Assets.xcassets; sourceTree = "<group>"; };
		BEBE8FA3285CCE33002816FC /* Base */ = {isa = PBXFileReference; lastKnownFileType = file.storyboard; name = Base; path = Base.lproj/LaunchScreen.storyboard; sourceTree = "<group>"; };
		BEBE8FA5285CCE33002816FC /* Info.plist */ = {isa = PBXFileReference; lastKnownFileType = text.plist.xml; path = Info.plist; sourceTree = "<group>"; };
		BEBE8FAB285CE9BB002816FC /* Service.swift */ = {isa = PBXFileReference; lastKnownFileType = sourcecode.swift; path = Service.swift; sourceTree = "<group>"; };
		DDDBD6D0C525440642D774E8 /* Pods_Network_with_Alamofire.framework */ = {isa = PBXFileReference; explicitFileType = wrapper.framework; includeInIndex = 0; path = Pods_Network_with_Alamofire.framework; sourceTree = BUILT_PRODUCTS_DIR; };
/* End PBXFileReference section */

/* Begin PBXFrameworksBuildPhase section */
		BEBE8F91285CCE2F002816FC /* Frameworks */ = {
			isa = PBXFrameworksBuildPhase;
			buildActionMask = 2147483647;
			files = (
				A1B8EC05A3862865708CB783 /* Pods_Network_with_Alamofire.framework in Frameworks */,
			);
			runOnlyForDeploymentPostprocessing = 0;
		};
/* End PBXFrameworksBuildPhase section */

/* Begin PBXGroup section */
		7DA64D726D4692A617B63B19 /* Pods */ = {
			isa = PBXGroup;
			children = (
				B5F52F57EE0F0C22C1F54F20 /* Pods-Network with Alamofire.debug.xcconfig */,
				A936F7FD1F66D7427AEED1B4 /* Pods-Network with Alamofire.release.xcconfig */,
			);
			path = Pods;
			sourceTree = "<group>";
		};
		BEBE8F8B285CCE2F002816FC = {
			isa = PBXGroup;
			children = (
				BEBE8F96285CCE2F002816FC /* Network with Alamofire */,
				BEBE8F95285CCE2F002816FC /* Products */,
				7DA64D726D4692A617B63B19 /* Pods */,
				CFCCEA959EA5345511422CBC /* Frameworks */,
			);
			sourceTree = "<group>";
		};
		BEBE8F95285CCE2F002816FC /* Products */ = {
			isa = PBXGroup;
			children = (
				BEBE8F94285CCE2F002816FC /* Network with Alamofire.app */,
			);
			name = Products;
			sourceTree = "<group>";
		};
		BEBE8F96285CCE2F002816FC /* Network with Alamofire */ = {
			isa = PBXGroup;
			children = (
				BEBE8F97285CCE2F002816FC /* AppDelegate.swift */,
				BEBE8F99285CCE2F002816FC /* SceneDelegate.swift */,
				BEBE8F9B285CCE2F002816FC /* ViewController.swift */,
				BE241788285CF36700650FE5 /* PostStruct.swift */,
				BEBE8FAB285CE9BB002816FC /* Service.swift */,
				BEBE8FA0285CCE33002816FC /* Assets.xcassets */,
				BEBE8FA2285CCE33002816FC /* LaunchScreen.storyboard */,
				BEBE8FA5285CCE33002816FC /* Info.plist */,
			);
			path = "Network with Alamofire";
			sourceTree = "<group>";
		};
		CFCCEA959EA5345511422CBC /* Frameworks */ = {
			isa = PBXGroup;
			children = (
				DDDBD6D0C525440642D774E8 /* Pods_Network_with_Alamofire.framework */,
			);
			name = Frameworks;
			sourceTree = "<group>";
		};
/* End PBXGroup section */

/* Begin PBXNativeTarget section */
		BEBE8F93285CCE2F002816FC /* Network with Alamofire */ = {
			isa = PBXNativeTarget;
			buildConfigurationList = BEBE8FA8285CCE33002816FC /* Build configuration list for PBXNativeTarget "Network with Alamofire" */;
			buildPhases = (
				442A115E8B80C5AA700872B9 /* [CP] Check Pods Manifest.lock */,
				BEBE8F90285CCE2F002816FC /* Sources */,
				BEBE8F91285CCE2F002816FC /* Frameworks */,
				BEBE8F92285CCE2F002816FC /* Resources */,
				A32F832B1C1A3CF154710F51 /* [CP] Embed Pods Frameworks */,
			);
			buildRules = (
			);
			dependencies = (
			);
			name = "Network with Alamofire";
			productName = "Network with Alamofire";
			productReference = BEBE8F94285CCE2F002816FC /* Network with Alamofire.app */;
			productType = "com.apple.product-type.application";
		};
/* End PBXNativeTarget section */

/* Begin PBXProject section */
		BEBE8F8C285CCE2F002816FC /* Project object */ = {
			isa = PBXProject;
			attributes = {
				BuildIndependentTargetsInParallel = 1;
				LastSwiftUpdateCheck = 1340;
				LastUpgradeCheck = 1340;
				TargetAttributes = {
					BEBE8F93285CCE2F002816FC = {
						CreatedOnToolsVersion = 13.4.1;
					};
				};
			};
			buildConfigurationList = BEBE8F8F285CCE2F002816FC /* Build configuration list for PBXProject "Network with Alamofire" */;
			compatibilityVersion = "Xcode 13.0";
			developmentRegion = en;
			hasScannedForEncodings = 0;
			knownRegions = (
				en,
				Base,
			);
			mainGroup = BEBE8F8B285CCE2F002816FC;
			productRefGroup = BEBE8F95285CCE2F002816FC /* Products */;
			projectDirPath = "";
			projectRoot = "";
			targets = (
				BEBE8F93285CCE2F002816FC /* Network with Alamofire */,
			);
		};
/* End PBXProject section */

/* Begin PBXResourcesBuildPhase section */
		BEBE8F92285CCE2F002816FC /* Resources */ = {
			isa = PBXResourcesBuildPhase;
			buildActionMask = 2147483647;
			files = (
				BEBE8FA4285CCE33002816FC /* LaunchScreen.storyboard in Resources */,
				BEBE8FA1285CCE33002816FC /* Assets.xcassets in Resources */,
			);
			runOnlyForDeploymentPostprocessing = 0;
		};
/* End PBXResourcesBuildPhase section */

/* Begin PBXShellScriptBuildPhase section */
		442A115E8B80C5AA700872B9 /* [CP] Check Pods Manifest.lock */ = {
			isa = PBXShellScriptBuildPhase;
			buildActionMask = 2147483647;
			files = (
			);
			inputFileListPaths = (
			);
			inputPaths = (
				"${PODS_PODFILE_DIR_PATH}/Podfile.lock",
				"${PODS_ROOT}/Manifest.lock",
			);
			name = "[CP] Check Pods Manifest.lock";
			outputFileListPaths = (
			);
			outputPaths = (
				"$(DERIVED_FILE_DIR)/Pods-Network with Alamofire-checkManifestLockResult.txt",
			);
			runOnlyForDeploymentPostprocessing = 0;
			shellPath = /bin/sh;
			shellScript = "diff \"${PODS_PODFILE_DIR_PATH}/Podfile.lock\" \"${PODS_ROOT}/Manifest.lock\" > /dev/null\nif [ $? != 0 ] ; then\n    # print error to STDERR\n    echo \"error: The sandbox is not in sync with the Podfile.lock. Run 'pod install' or update your CocoaPods installation.\" >&2\n    exit 1\nfi\n# This output is used by Xcode 'outputs' to avoid re-running this script phase.\necho \"SUCCESS\" > \"${SCRIPT_OUTPUT_FILE_0}\"\n";
			showEnvVarsInLog = 0;
		};
		A32F832B1C1A3CF154710F51 /* [CP] Embed Pods Frameworks */ = {
			isa = PBXShellScriptBuildPhase;
			buildActionMask = 2147483647;
			files = (
			);
			inputFileListPaths = (
				"${PODS_ROOT}/Target Support Files/Pods-Network with Alamofire/Pods-Network with Alamofire-frameworks-${CONFIGURATION}-input-files.xcfilelist",
			);
			name = "[CP] Embed Pods Frameworks";
			outputFileListPaths = (
				"${PODS_ROOT}/Target Support Files/Pods-Network with Alamofire/Pods-Network with Alamofire-frameworks-${CONFIGURATION}-output-files.xcfilelist",
			);
			runOnlyForDeploymentPostprocessing = 0;
			shellPath = /bin/sh;
			shellScript = "\"${PODS_ROOT}/Target Support Files/Pods-Network with Alamofire/Pods-Network with Alamofire-frameworks.sh\"\n";
			showEnvVarsInLog = 0;
		};
/* End PBXShellScriptBuildPhase section */

/* Begin PBXSourcesBuildPhase section */
		BEBE8F90285CCE2F002816FC /* Sources */ = {
			isa = PBXSourcesBuildPhase;
			buildActionMask = 2147483647;
			files = (
				BEBE8F9C285CCE2F002816FC /* ViewController.swift in Sources */,
				BEBE8FAC285CE9BB002816FC /* Service.swift in Sources */,
				BEBE8F98285CCE2F002816FC /* AppDelegate.swift in Sources */,
				BEBE8F9A285CCE2F002816FC /* SceneDelegate.swift in Sources */,
				BE241789285CF36700650FE5 /* PostStruct.swift in Sources */,
			);
			runOnlyForDeploymentPostprocessing = 0;
		};
/* End PBXSourcesBuildPhase section */

/* Begin PBXVariantGroup section */
		BEBE8FA2285CCE33002816FC /* LaunchScreen.storyboard */ = {
			isa = PBXVariantGroup;
			children = (
				BEBE8FA3285CCE33002816FC /* Base */,
			);
			name = LaunchScreen.storyboard;
			sourceTree = "<group>";
		};
/* End PBXVariantGroup section */

/* Begin XCBuildConfiguration section */
		BEBE8FA6285CCE33002816FC /* Debug */ = {
			isa = XCBuildConfiguration;
			buildSettings = {
				ALWAYS_SEARCH_USER_PATHS = NO;
				CLANG_ANALYZER_NONNULL = YES;
				CLANG_ANALYZER_NUMBER_OBJECT_CONVERSION = YES_AGGRESSIVE;
				CLANG_CXX_LANGUAGE_STANDARD = "gnu++17";
				CLANG_ENABLE_MODULES = YES;
				CLANG_ENABLE_OBJC_ARC = YES;
				CLANG_ENABLE_OBJC_WEAK = YES;
				CLANG_WARN_BLOCK_CAPTURE_AUTORELEASING = YES;
				CLANG_WARN_BOOL_CONVERSION = YES;
				CLANG_WARN_COMMA = YES;
				CLANG_WARN_CONSTANT_CONVERSION = YES;
				CLANG_WARN_DEPRECATED_OBJC_IMPLEMENTATIONS = YES;
				CLANG_WARN_DIRECT_OBJC_ISA_USAGE = YES_ERROR;
				CLANG_WARN_DOCUMENTATION_COMMENTS = YES;
				CLANG_WARN_EMPTY_BODY = YES;
				CLANG_WARN_ENUM_CONVERSION = YES;
				CLANG_WARN_INFINITE_RECURSION = YES;
				CLANG_WARN_INT_CONVERSION = YES;
				CLANG_WARN_NON_LITERAL_NULL_CONVERSION = YES;
				CLANG_WARN_OBJC_IMPLICIT_RETAIN_SELF = YES;
				CLANG_WARN_OBJC_LITERAL_CONVERSION = YES;
				CLANG_WARN_OBJC_ROOT_CLASS = YES_ERROR;
				CLANG_WARN_QUOTED_INCLUDE_IN_FRAMEWORK_HEADER = YES;
				CLANG_WARN_RANGE_LOOP_ANALYSIS = YES;
				CLANG_WARN_STRICT_PROTOTYPES = YES;
				CLANG_WARN_SUSPICIOUS_MOVE = YES;
				CLANG_WARN_UNGUARDED_AVAILABILITY = YES_AGGRESSIVE;
				CLANG_WARN_UNREACHABLE_CODE = YES;
				CLANG_WARN__DUPLICATE_METHOD_MATCH = YES;
				COPY_PHASE_STRIP = NO;
				DEBUG_INFORMATION_FORMAT = dwarf;
				ENABLE_STRICT_OBJC_MSGSEND = YES;
				ENABLE_TESTABILITY = YES;
				GCC_C_LANGUAGE_STANDARD = gnu11;
				GCC_DYNAMIC_NO_PIC = NO;
				GCC_NO_COMMON_BLOCKS = YES;
				GCC_OPTIMIZATION_LEVEL = 0;
				GCC_PREPROCESSOR_DEFINITIONS = (
					"DEBUG=1",
					"$(inherited)",
				);
				GCC_WARN_64_TO_32_BIT_CONVERSION = YES;
				GCC_WARN_ABOUT_RETURN_TYPE = YES_ERROR;
				GCC_WARN_UNDECLARED_SELECTOR = YES;
				GCC_WARN_UNINITIALIZED_AUTOS = YES_AGGRESSIVE;
				GCC_WARN_UNUSED_FUNCTION = YES;
				GCC_WARN_UNUSED_VARIABLE = YES;
				IPHONEOS_DEPLOYMENT_TARGET = 15.5;
				MTL_ENABLE_DEBUG_INFO = INCLUDE_SOURCE;
				MTL_FAST_MATH = YES;
				ONLY_ACTIVE_ARCH = YES;
				SDKROOT = iphoneos;
				SWIFT_ACTIVE_COMPILATION_CONDITIONS = DEBUG;
				SWIFT_OPTIMIZATION_LEVEL = "-Onone";
			};
			name = Debug;
		};
		BEBE8FA7285CCE33002816FC /* Release */ = {
			isa = XCBuildConfiguration;
			buildSettings = {
				ALWAYS_SEARCH_USER_PATHS = NO;
				CLANG_ANALYZER_NONNULL = YES;
				CLANG_ANALYZER_NUMBER_OBJECT_CONVERSION = YES_AGGRESSIVE;
				CLANG_CXX_LANGUAGE_STANDARD = "gnu++17";
				CLANG_ENABLE_MODULES = YES;
				CLANG_ENABLE_OBJC_ARC = YES;
				CLANG_ENABLE_OBJC_WEAK = YES;
				CLANG_WARN_BLOCK_CAPTURE_AUTORELEASING = YES;
				CLANG_WARN_BOOL_CONVERSION = YES;
				CLANG_WARN_COMMA = YES;
				CLANG_WARN_CONSTANT_CONVERSION = YES;
				CLANG_WARN_DEPRECATED_OBJC_IMPLEMENTATIONS = YES;
				CLANG_WARN_DIRECT_OBJC_ISA_USAGE = YES_ERROR;
				CLANG_WARN_DOCUMENTATION_COMMENTS = YES;
				CLANG_WARN_EMPTY_BODY = YES;
				CLANG_WARN_ENUM_CONVERSION = YES;
				CLANG_WARN_INFINITE_RECURSION = YES;
				CLANG_WARN_INT_CONVERSION = YES;
				CLANG_WARN_NON_LITERAL_NULL_CONVERSION = YES;
				CLANG_WARN_OBJC_IMPLICIT_RETAIN_SELF = YES;
				CLANG_WARN_OBJC_LITERAL_CONVERSION = YES;
				CLANG_WARN_OBJC_ROOT_CLASS = YES_ERROR;
				CLANG_WARN_QUOTED_INCLUDE_IN_FRAMEWORK_HEADER = YES;
				CLANG_WARN_RANGE_LOOP_ANALYSIS = YES;
				CLANG_WARN_STRICT_PROTOTYPES = YES;
				CLANG_WARN_SUSPICIOUS_MOVE = YES;
				CLANG_WARN_UNGUARDED_AVAILABILITY = YES_AGGRESSIVE;
				CLANG_WARN_UNREACHABLE_CODE = YES;
				CLANG_WARN__DUPLICATE_METHOD_MATCH = YES;
				COPY_PHASE_STRIP = NO;
				DEBUG_INFORMATION_FORMAT = "dwarf-with-dsym";
				ENABLE_NS_ASSERTIONS = NO;
				ENABLE_STRICT_OBJC_MSGSEND = YES;
				GCC_C_LANGUAGE_STANDARD = gnu11;
				GCC_NO_COMMON_BLOCKS = YES;
				GCC_WARN_64_TO_32_BIT_CONVERSION = YES;
				GCC_WARN_ABOUT_RETURN_TYPE = YES_ERROR;
				GCC_WARN_UNDECLARED_SELECTOR = YES;
				GCC_WARN_UNINITIALIZED_AUTOS = YES_AGGRESSIVE;
				GCC_WARN_UNUSED_FUNCTION = YES;
				GCC_WARN_UNUSED_VARIABLE = YES;
				IPHONEOS_DEPLOYMENT_TARGET = 15.5;
				MTL_ENABLE_DEBUG_INFO = NO;
				MTL_FAST_MATH = YES;
				SDKROOT = iphoneos;
				SWIFT_COMPILATION_MODE = wholemodule;
				SWIFT_OPTIMIZATION_LEVEL = "-O";
				VALIDATE_PRODUCT = YES;
			};
			name = Release;
		};
		BEBE8FA9285CCE33002816FC /* Debug */ = {
			isa = XCBuildConfiguration;
			baseConfigurationReference = B5F52F57EE0F0C22C1F54F20 /* Pods-Network with Alamofire.debug.xcconfig */;
			buildSettings = {
				ASSETCATALOG_COMPILER_APPICON_NAME = AppIcon;
				ASSETCATALOG_COMPILER_GLOBAL_ACCENT_COLOR_NAME = AccentColor;
				CODE_SIGN_STYLE = Automatic;
				CURRENT_PROJECT_VERSION = 1;
				DEVELOPMENT_TEAM = H5W6DUL8QB;
				GENERATE_INFOPLIST_FILE = YES;
				INFOPLIST_FILE = "Network with Alamofire/Info.plist";
				INFOPLIST_KEY_UIApplicationSupportsIndirectInputEvents = YES;
				INFOPLIST_KEY_UILaunchStoryboardName = LaunchScreen;
				INFOPLIST_KEY_UISupportedInterfaceOrientations_iPad = "UIInterfaceOrientationPortrait UIInterfaceOrientationPortraitUpsideDown UIInterfaceOrientationLandscapeLeft UIInterfaceOrientationLandscapeRight";
				INFOPLIST_KEY_UISupportedInterfaceOrientations_iPhone = "UIInterfaceOrientationPortrait UIInterfaceOrientationLandscapeLeft UIInterfaceOrientationLandscapeRight";
				LD_RUNPATH_SEARCH_PATHS = (
					"$(inherited)",
					"@executable_path/Frameworks",
				);
				MARKETING_VERSION = 1.0;
				PRODUCT_BUNDLE_IDENTIFIER = "Vinyar-project.Network-with-Alamofire";
				PRODUCT_NAME = "$(TARGET_NAME)";
				SWIFT_EMIT_LOC_STRINGS = YES;
				SWIFT_VERSION = 5.0;
				TARGETED_DEVICE_FAMILY = "1,2";
			};
			name = Debug;
		};
		BEBE8FAA285CCE33002816FC /* Release */ = {
			isa = XCBuildConfiguration;
			baseConfigurationReference = A936F7FD1F66D7427AEED1B4 /* Pods-Network with Alamofire.release.xcconfig */;
			buildSettings = {
				ASSETCATALOG_COMPILER_APPICON_NAME = AppIcon;
				ASSETCATALOG_COMPILER_GLOBAL_ACCENT_COLOR_NAME = AccentColor;
				CODE_SIGN_STYLE = Automatic;
				CURRENT_PROJECT_VERSION = 1;
				DEVELOPMENT_TEAM = H5W6DUL8QB;
				GENERATE_INFOPLIST_FILE = YES;
				INFOPLIST_FILE = "Network with Alamofire/Info.plist";
				INFOPLIST_KEY_UIApplicationSupportsIndirectInputEvents = YES;
				INFOPLIST_KEY_UILaunchStoryboardName = LaunchScreen;
				INFOPLIST_KEY_UISupportedInterfaceOrientations_iPad = "UIInterfaceOrientationPortrait UIInterfaceOrientationPortraitUpsideDown UIInterfaceOrientationLandscapeLeft UIInterfaceOrientationLandscapeRight";
				INFOPLIST_KEY_UISupportedInterfaceOrientations_iPhone = "UIInterfaceOrientationPortrait UIInterfaceOrientationLandscapeLeft UIInterfaceOrientationLandscapeRight";
				LD_RUNPATH_SEARCH_PATHS = (
					"$(inherited)",
					"@executable_path/Frameworks",
				);
				MARKETING_VERSION = 1.0;
				PRODUCT_BUNDLE_IDENTIFIER = "Vinyar-project.Network-with-Alamofire";
				PRODUCT_NAME = "$(TARGET_NAME)";
				SWIFT_EMIT_LOC_STRINGS = YES;
				SWIFT_VERSION = 5.0;
				TARGETED_DEVICE_FAMILY = "1,2";
			};
			name = Release;
		};
/* End XCBuildConfiguration section */

/* Begin XCConfigurationList section */
		BEBE8F8F285CCE2F002816FC /* Build configuration list for PBXProject "Network with Alamofire" */ = {
			isa = XCConfigurationList;
			buildConfigurations = (
				BEBE8FA6285CCE33002816FC /* Debug */,
				BEBE8FA7285CCE33002816FC /* Release */,
			);
			defaultConfigurationIsVisible = 0;
			defaultConfigurationName = Release;
		};
		BEBE8FA8285CCE33002816FC /* Build configuration list for PBXNativeTarget "Network with Alamofire" */ = {
			isa = XCConfigurationList;
			buildConfigurations = (
				BEBE8FA9285CCE33002816FC /* Debug */,
				BEBE8FAA285CCE33002816FC /* Release */,
			);
			defaultConfigurationIsVisible = 0;
			defaultConfigurationName = Release;
		};
/* End XCConfigurationList section */
	};
	rootObject = BEBE8F8C285CCE2F002816FC /* Project object */;
}
